
Microsoft Visual Studio Solution File, Format Version 12.00
# Visual Studio Version 17
VisualStudioVersion = 17.5.002.0
MinimumVisualStudioVersion = 10.0.40219.1
Project("{9A19103F-16F7-4668-BE54-9A1E7A4F7556}") = "FirstWebApp", "FirstWebApp\FirstWebApp.csproj", "{8C8E2E03-0219-4D70-B45E-E69F00AD0728}"
EndProject
Project("{9A19103F-16F7-4668-BE54-9A1E7A4F7556}") = "GDILib", "GDILib\GDILib.csproj", "{644F8002-A36A-4D2A-A6B4-DC160D7575AD}"
EndProject
Global
	GlobalSection(SolutionConfigurationPlatforms) = preSolution
		Debug|Any CPU = Debug|Any CPU
		Release|Any CPU = Release|Any CPU
	EndGlobalSection
	GlobalSection(ProjectConfigurationPlatforms) = postSolution
		{8C8E2E03-0219-4D70-B45E-E69F00AD0728}.Debug|Any CPU.ActiveCfg = Debug|Any CPU
		{8C8E2E03-0219-4D70-B45E-E69F00AD0728}.Debug|Any CPU.Build.0 = Debug|Any CPU
		{8C8E2E03-0219-4D70-B45E-E69F00AD0728}.Release|Any CPU.ActiveCfg = Release|Any CPU
		{8C8E2E03-0219-4D70-B45E-E69F00AD0728}.Release|Any CPU.Build.0 = Release|Any CPU
		{644F8002-A36A-4D2A-A6B4-DC160D7575AD}.Debug|Any CPU.ActiveCfg = Debug|Any CPU
		{644F8002-A36A-4D2A-A6B4-DC160D7575AD}.Debug|Any CPU.Build.0 = Debug|Any CPU
		{644F8002-A36A-4D2A-A6B4-DC160D7575AD}.Release|Any CPU.ActiveCfg = Release|Any CPU
		{644F8002-A36A-4D2A-A6B4-DC160D7575AD}.Release|Any CPU.Build.0 = Release|Any CPU
	EndGlobalSection
	GlobalSection(SolutionProperties) = preSolution
		HideSolutionNode = FALSE
	EndGlobalSection
	GlobalSection(ExtensibilityGlobals) = postSolution
		SolutionGuid = {95CBD5ED-2D98-4F82-A26B-22B9CB18ED4B}
	EndGlobalSection
EndGlobal
